
Microsoft Visual Studio Solution File, Format Version 10.00
# Visual Studio 2008
Project("{FAE04EC0-301F-11D3-BF4B-00C04F79EFBC}") = "idempierewsc", "idempierewsc\idempierewsc.csproj", "{BCBB04BD-95E0-45D5-AE43-E766EF2A1F8A}"
EndProject
Project("{FAE04EC0-301F-11D3-BF4B-00C04F79EFBC}") = "sandbox_wince", "sandbox_wince\sandbox_wince.csproj", "{59ED7613-8DBD-486B-918B-E1B73DE11C12}"
EndProject
Project("{FAE04EC0-301F-11D3-BF4B-00C04F79EFBC}") = "sandbox", "sandbox\sandbox.csproj", "{7C2A0525-A38D-4782-8763-70B5B32CB501}"
EndProject
Global
	GlobalSection(SolutionConfigurationPlatforms) = preSolution
		Debug|Any CPU = Debug|Any CPU
		Release|Any CPU = Release|Any CPU
	EndGlobalSection
	GlobalSection(ProjectConfigurationPlatforms) = postSolution
		{BCBB04BD-95E0-45D5-AE43-E766EF2A1F8A}.Debug|Any CPU.ActiveCfg = Debug|Any CPU
		{BCBB04BD-95E0-45D5-AE43-E766EF2A1F8A}.Debug|Any CPU.Build.0 = Debug|Any CPU
		{BCBB04BD-95E0-45D5-AE43-E766EF2A1F8A}.Release|Any CPU.ActiveCfg = Release|Any CPU
		{BCBB04BD-95E0-45D5-AE43-E766EF2A1F8A}.Release|Any CPU.Build.0 = Release|Any CPU
		{59ED7613-8DBD-486B-918B-E1B73DE11C12}.Debug|Any CPU.ActiveCfg = Debug|Any CPU
		{59ED7613-8DBD-486B-918B-E1B73DE11C12}.Debug|Any CPU.Build.0 = Debug|Any CPU
		{59ED7613-8DBD-486B-918B-E1B73DE11C12}.Debug|Any CPU.Deploy.0 = Debug|Any CPU
		{59ED7613-8DBD-486B-918B-E1B73DE11C12}.Release|Any CPU.ActiveCfg = Release|Any CPU
		{59ED7613-8DBD-486B-918B-E1B73DE11C12}.Release|Any CPU.Build.0 = Release|Any CPU
		{59ED7613-8DBD-486B-918B-E1B73DE11C12}.Release|Any CPU.Deploy.0 = Release|Any CPU
		{7C2A0525-A38D-4782-8763-70B5B32CB501}.Debug|Any CPU.ActiveCfg = Debug|Any CPU
		{7C2A0525-A38D-4782-8763-70B5B32CB501}.Debug|Any CPU.Build.0 = Debug|Any CPU
		{7C2A0525-A38D-4782-8763-70B5B32CB501}.Release|Any CPU.ActiveCfg = Release|Any CPU
		{7C2A0525-A38D-4782-8763-70B5B32CB501}.Release|Any CPU.Build.0 = Release|Any CPU
	EndGlobalSection
	GlobalSection(SolutionProperties) = preSolution
		HideSolutionNode = FALSE
	EndGlobalSection
EndGlobal
